
Microsoft Visual Studio Solution File, Format Version 12.00
# Visual Studio Version 16
VisualStudioVersion = 16.0.30413.136
MinimumVisualStudioVersion = 10.0.40219.1
Project("{FAE04EC0-301F-11D3-BF4B-00C04F79EFBC}") = "Csharp DZ 6", "Csharp DZ 6\Csharp DZ 6.csproj", "{4862714E-E7FC-439C-B82E-5AFAAA02FC3C}"
EndProject
Global
	GlobalSection(SolutionConfigurationPlatforms) = preSolution
		Debug|Any CPU = Debug|Any CPU
		Release|Any CPU = Release|Any CPU
	EndGlobalSection
	GlobalSection(ProjectConfigurationPlatforms) = postSolution
		{4862714E-E7FC-439C-B82E-5AFAAA02FC3C}.Debug|Any CPU.ActiveCfg = Debug|Any CPU
		{4862714E-E7FC-439C-B82E-5AFAAA02FC3C}.Debug|Any CPU.Build.0 = Debug|Any CPU
		{4862714E-E7FC-439C-B82E-5AFAAA02FC3C}.Release|Any CPU.ActiveCfg = Release|Any CPU
		{4862714E-E7FC-439C-B82E-5AFAAA02FC3C}.Release|Any CPU.Build.0 = Release|Any CPU
	EndGlobalSection
	GlobalSection(SolutionProperties) = preSolution
		HideSolutionNode = FALSE
	EndGlobalSection
	GlobalSection(ExtensibilityGlobals) = postSolution
		SolutionGuid = {C3EFE222-8618-4182-808F-A4F493B933B2}
	EndGlobalSection
EndGlobal
